// !$*UTF8*$!
{
	archiveVersion = 1;
	classes = {
	};
	objectVersion = 46;
	objects = {

/* Begin PBXBuildFile section */
		2388DBBE19A1D1E600468AAE /* Foundation.framework in Frameworks */ = {isa = PBXBuildFile; fileRef = 2388DBBD19A1D1E600468AAE /* Foundation.framework */; };
		2388DBC019A1D1E600468AAE /* CoreGraphics.framework in Frameworks */ = {isa = PBXBuildFile; fileRef = 2388DBBF19A1D1E600468AAE /* CoreGraphics.framework */; };
		2388DBC219A1D1E600468AAE /* UIKit.framework in Frameworks */ = {isa = PBXBuildFile; fileRef = 2388DBC119A1D1E600468AAE /* UIKit.framework */; };
		2388DBC819A1D1E600468AAE /* InfoPlist.strings in Resources */ = {isa = PBXBuildFile; fileRef = 2388DBC619A1D1E600468AAE /* InfoPlist.strings */; };
		2388DBCA19A1D1E600468AAE /* main.m in Sources */ = {isa = PBXBuildFile; fileRef = 2388DBC919A1D1E600468AAE /* main.m */; };
		2388DBCE19A1D1E600468AAE /* AppDelegate.m in Sources */ = {isa = PBXBuildFile; fileRef = 2388DBCD19A1D1E600468AAE /* AppDelegate.m */; };
		2388DBD119A1D1E600468AAE /* Main_iPhone.storyboard in Resources */ = {isa = PBXBuildFile; fileRef = 2388DBCF19A1D1E600468AAE /* Main_iPhone.storyboard */; };
		2388DBD419A1D1E600468AAE /* Main_iPad.storyboard in Resources */ = {isa = PBXBuildFile; fileRef = 2388DBD219A1D1E600468AAE /* Main_iPad.storyboard */; };
		2388DBD719A1D1E600468AAE /* ViewController.m in Sources */ = {isa = PBXBuildFile; fileRef = 2388DBD619A1D1E600468AAE /* ViewController.m */; };
		2388DBD919A1D1E600468AAE /* Images.xcassets in Resources */ = {isa = PBXBuildFile; fileRef = 2388DBD819A1D1E600468AAE /* Images.xcassets */; };
		2388DBE019A1D1E600468AAE /* XCTest.framework in Frameworks */ = {isa = PBXBuildFile; fileRef = 2388DBDF19A1D1E600468AAE /* XCTest.framework */; };
		2388DBE119A1D1E600468AAE /* Foundation.framework in Frameworks */ = {isa = PBXBuildFile; fileRef = 2388DBBD19A1D1E600468AAE /* Foundation.framework */; };
		2388DBE219A1D1E600468AAE /* UIKit.framework in Frameworks */ = {isa = PBXBuildFile; fileRef = 2388DBC119A1D1E600468AAE /* UIKit.framework */; };
		2388DBEA19A1D1E600468AAE /* InfoPlist.strings in Resources */ = {isa = PBXBuildFile; fileRef = 2388DBE819A1D1E600468AAE /* InfoPlist.strings */; };
		2388DBEC19A1D1E600468AAE /* iOSLabProjTests.m in Sources */ = {isa = PBXBuildFile; fileRef = 2388DBEB19A1D1E600468AAE /* iOSLabProjTests.m */; };
/* End PBXBuildFile section */

/* Begin PBXContainerItemProxy section */
		2388DBE319A1D1E600468AAE /* PBXContainerItemProxy */ = {
			isa = PBXContainerItemProxy;
			containerPortal = 2388DBB219A1D1E600468AAE /* Project object */;
			proxyType = 1;
			remoteGlobalIDString = 2388DBB919A1D1E600468AAE;
			remoteInfo = iOSLabProj;
		};
/* End PBXContainerItemProxy section */

/* Begin PBXFileReference section */
		2388DBBA19A1D1E600468AAE /* iOSLabProj.app */ = {isa = PBXFileReference; explicitFileType = wrapper.application; includeInIndex = 0; path = iOSLabProj.app; sourceTree = BUILT_PRODUCTS_DIR; };
		2388DBBD19A1D1E600468AAE /* Foundation.framework */ = {isa = PBXFileReference; lastKnownFileType = wrapper.framework; name = Foundation.framework; path = System/Library/Frameworks/Foundation.framework; sourceTree = SDKROOT; };
		2388DBBF19A1D1E600468AAE /* CoreGraphics.framework */ = {isa = PBXFileReference; lastKnownFileType = wrapper.framework; name = CoreGraphics.framework; path = System/Library/Frameworks/CoreGraphics.framework; sourceTree = SDKROOT; };
		2388DBC119A1D1E600468AAE /* UIKit.framework */ = {isa = PBXFileReference; lastKnownFileType = wrapper.framework; name = UIKit.framework; path = System/Library/Frameworks/UIKit.framework; sourceTree = SDKROOT; };
		2388DBC519A1D1E600468AAE /* iOSLabProj-Info.plist */ = {isa = PBXFileReference; lastKnownFileType = text.plist.xml; path = "iOSLabProj-Info.plist"; sourceTree = "<group>"; };
		2388DBC719A1D1E600468AAE /* en */ = {isa = PBXFileReference; lastKnownFileType = text.plist.strings; name = en; path = en.lproj/InfoPlist.strings; sourceTree = "<group>"; };
		2388DBC919A1D1E600468AAE /* main.m */ = {isa = PBXFileReference; lastKnownFileType = sourcecode.c.objc; path = main.m; sourceTree = "<group>"; };
		2388DBCB19A1D1E600468AAE /* iOSLabProj-Prefix.pch */ = {isa = PBXFileReference; lastKnownFileType = sourcecode.c.h; path = "iOSLabProj-Prefix.pch"; sourceTree = "<group>"; };
		2388DBCC19A1D1E600468AAE /* AppDelegate.h */ = {isa = PBXFileReference; lastKnownFileType = sourcecode.c.h; path = AppDelegate.h; sourceTree = "<group>"; };
		2388DBCD19A1D1E600468AAE /* AppDelegate.m */ = {isa = PBXFileReference; lastKnownFileType = sourcecode.c.objc; path = AppDelegate.m; sourceTree = "<group>"; };
		2388DBD019A1D1E600468AAE /* Base */ = {isa = PBXFileReference; lastKnownFileType = file.storyboard; name = Base; path = Base.lproj/Main_iPhone.storyboard; sourceTree = "<group>"; };
		2388DBD319A1D1E600468AAE /* Base */ = {isa = PBXFileReference; lastKnownFileType = file.storyboard; name = Base; path = Base.lproj/Main_iPad.storyboard; sourceTree = "<group>"; };
		2388DBD519A1D1E600468AAE /* ViewController.h */ = {isa = PBXFileReference; lastKnownFileType = sourcecode.c.h; path = ViewController.h; sourceTree = "<group>"; };
		2388DBD619A1D1E600468AAE /* ViewController.m */ = {isa = PBXFileReference; lastKnownFileType = sourcecode.c.objc; path = ViewController.m; sourceTree = "<group>"; };
		2388DBD819A1D1E600468AAE /* Images.xcassets */ = {isa = PBXFileReference; lastKnownFileType = folder.assetcatalog; path = Images.xcassets; sourceTree = "<group>"; };
		2388DBDE19A1D1E600468AAE /* iOSLabProjTests.xctest */ = {isa = PBXFileReference; explicitFileType = wrapper.cfbundle; includeInIndex = 0; path = iOSLabProjTests.xctest; sourceTree = BUILT_PRODUCTS_DIR; };
		2388DBDF19A1D1E600468AAE /* XCTest.framework */ = {isa = PBXFileReference; lastKnownFileType = wrapper.framework; name = XCTest.framework; path = Library/Frameworks/XCTest.framework; sourceTree = DEVELOPER_DIR; };
		2388DBE719A1D1E600468AAE /* iOSLabProjTests-Info.plist */ = {isa = PBXFileReference; lastKnownFileType = text.plist.xml; path = "iOSLabProjTests-Info.plist"; sourceTree = "<group>"; };
		2388DBE919A1D1E600468AAE /* en */ = {isa = PBXFileReference; lastKnownFileType = text.plist.strings; name = en; path = en.lproj/InfoPlist.strings; sourceTree = "<group>"; };
		2388DBEB19A1D1E600468AAE /* iOSLabProjTests.m */ = {isa = PBXFileReference; lastKnownFileType = sourcecode.c.objc; path = iOSLabProjTests.m; sourceTree = "<group>"; };
/* End PBXFileReference section */

/* Begin PBXFrameworksBuildPhase section */
		2388DBB719A1D1E600468AAE /* Frameworks */ = {
			isa = PBXFrameworksBuildPhase;
			buildActionMask = 2147483647;
			files = (
				2388DBC019A1D1E600468AAE /* CoreGraphics.framework in Frameworks */,
				2388DBC219A1D1E600468AAE /* UIKit.framework in Frameworks */,
				2388DBBE19A1D1E600468AAE /* Foundation.framework in Frameworks */,
			);
			runOnlyForDeploymentPostprocessing = 0;
		};
		2388DBDB19A1D1E600468AAE /* Frameworks */ = {
			isa = PBXFrameworksBuildPhase;
			buildActionMask = 2147483647;
			files = (
				2388DBE019A1D1E600468AAE /* XCTest.framework in Frameworks */,
				2388DBE219A1D1E600468AAE /* UIKit.framework in Frameworks */,
				2388DBE119A1D1E600468AAE /* Foundation.framework in Frameworks */,
			);
			runOnlyForDeploymentPostprocessing = 0;
		};
/* End PBXFrameworksBuildPhase section */

/* Begin PBXGroup section */
		2388DBB119A1D1E600468AAE = {
			isa = PBXGroup;
			children = (
				2388DBC319A1D1E600468AAE /* iOSLabProj */,
				2388DBE519A1D1E600468AAE /* iOSLabProjTests */,
				2388DBBC19A1D1E600468AAE /* Frameworks */,
				2388DBBB19A1D1E600468AAE /* Products */,
			);
			sourceTree = "<group>";
		};
		2388DBBB19A1D1E600468AAE /* Products */ = {
			isa = PBXGroup;
			children = (
				2388DBBA19A1D1E600468AAE /* iOSLabProj.app */,
				2388DBDE19A1D1E600468AAE /* iOSLabProjTests.xctest */,
			);
			name = Products;
			sourceTree = "<group>";
		};
		2388DBBC19A1D1E600468AAE /* Frameworks */ = {
			isa = PBXGroup;
			children = (
				2388DBBD19A1D1E600468AAE /* Foundation.framework */,
				2388DBBF19A1D1E600468AAE /* CoreGraphics.framework */,
				2388DBC119A1D1E600468AAE /* UIKit.framework */,
				2388DBDF19A1D1E600468AAE /* XCTest.framework */,
			);
			name = Frameworks;
			sourceTree = "<group>";
		};
		2388DBC319A1D1E600468AAE /* iOSLabProj */ = {
			isa = PBXGroup;
			children = (
				2388DBCC19A1D1E600468AAE /* AppDelegate.h */,
				2388DBCD19A1D1E600468AAE /* AppDelegate.m */,
				2388DBCF19A1D1E600468AAE /* Main_iPhone.storyboard */,
				2388DBD219A1D1E600468AAE /* Main_iPad.storyboard */,
				2388DBD519A1D1E600468AAE /* ViewController.h */,
				2388DBD619A1D1E600468AAE /* ViewController.m */,
				2388DBD819A1D1E600468AAE /* Images.xcassets */,
				2388DBC419A1D1E600468AAE /* Supporting Files */,
			);
			path = iOSLabProj;
			sourceTree = "<group>";
		};
		2388DBC419A1D1E600468AAE /* Supporting Files */ = {
			isa = PBXGroup;
			children = (
				2388DBC519A1D1E600468AAE /* iOSLabProj-Info.plist */,
				2388DBC619A1D1E600468AAE /* InfoPlist.strings */,
				2388DBC919A1D1E600468AAE /* main.m */,
				2388DBCB19A1D1E600468AAE /* iOSLabProj-Prefix.pch */,
			);
			name = "Supporting Files";
			sourceTree = "<group>";
		};
		2388DBE519A1D1E600468AAE /* iOSLabProjTests */ = {
			isa = PBXGroup;
			children = (
				2388DBEB19A1D1E600468AAE /* iOSLabProjTests.m */,
				2388DBE619A1D1E600468AAE /* Supporting Files */,
			);
			path = iOSLabProjTests;
			sourceTree = "<group>";
		};
		2388DBE619A1D1E600468AAE /* Supporting Files */ = {
			isa = PBXGroup;
			children = (
				2388DBE719A1D1E600468AAE /* iOSLabProjTests-Info.plist */,
				2388DBE819A1D1E600468AAE /* InfoPlist.strings */,
			);
			name = "Supporting Files";
			sourceTree = "<group>";
		};
/* End PBXGroup section */

/* Begin PBXNativeTarget section */
		2388DBB919A1D1E600468AAE /* iOSLabProj */ = {
			isa = PBXNativeTarget;
			buildConfigurationList = 2388DBEF19A1D1E600468AAE /* Build configuration list for PBXNativeTarget "iOSLabProj" */;
			buildPhases = (
				2388DBB619A1D1E600468AAE /* Sources */,
				2388DBB719A1D1E600468AAE /* Frameworks */,
				2388DBB819A1D1E600468AAE /* Resources */,
			);
			buildRules = (
			);
			dependencies = (
			);
			name = iOSLabProj;
			productName = iOSLabProj;
			productReference = 2388DBBA19A1D1E600468AAE /* iOSLabProj.app */;
			productType = "com.apple.product-type.application";
		};
		2388DBDD19A1D1E600468AAE /* iOSLabProjTests */ = {
			isa = PBXNativeTarget;
			buildConfigurationList = 2388DBF219A1D1E600468AAE /* Build configuration list for PBXNativeTarget "iOSLabProjTests" */;
			buildPhases = (
				2388DBDA19A1D1E600468AAE /* Sources */,
				2388DBDB19A1D1E600468AAE /* Frameworks */,
				2388DBDC19A1D1E600468AAE /* Resources */,
			);
			buildRules = (
			);
			dependencies = (
				2388DBE419A1D1E600468AAE /* PBXTargetDependency */,
			);
			name = iOSLabProjTests;
			productName = iOSLabProjTests;
			productReference = 2388DBDE19A1D1E600468AAE /* iOSLabProjTests.xctest */;
			productType = "com.apple.product-type.bundle.unit-test";
		};
/* End PBXNativeTarget section */

/* Begin PBXProject section */
		2388DBB219A1D1E600468AAE /* Project object */ = {
			isa = PBXProject;
			attributes = {
				LastUpgradeCheck = 0510;
				ORGANIZATIONNAME = kpfu;
				TargetAttributes = {
					2388DBDD19A1D1E600468AAE = {
						TestTargetID = 2388DBB919A1D1E600468AAE;
					};
				};
			};
			buildConfigurationList = 2388DBB519A1D1E600468AAE /* Build configuration list for PBXProject "iOSLabProj" */;
			compatibilityVersion = "Xcode 3.2";
			developmentRegion = English;
			hasScannedForEncodings = 0;
			knownRegions = (
				en,
				Base,
			);
			mainGroup = 2388DBB119A1D1E600468AAE;
			productRefGroup = 2388DBBB19A1D1E600468AAE /* Products */;
			projectDirPath = "";
			projectRoot = "";
			targets = (
				2388DBB919A1D1E600468AAE /* iOSLabProj */,
				2388DBDD19A1D1E600468AAE /* iOSLabProjTests */,
			);
		};
/* End PBXProject section */

/* Begin PBXResourcesBuildPhase section */
		2388DBB819A1D1E600468AAE /* Resources */ = {
			isa = PBXResourcesBuildPhase;
			buildActionMask = 2147483647;
			files = (
				2388DBD419A1D1E600468AAE /* Main_iPad.storyboard in Resources */,
				2388DBD919A1D1E600468AAE /* Images.xcassets in Resources */,
				2388DBD119A1D1E600468AAE /* Main_iPhone.storyboard in Resources */,
				2388DBC819A1D1E600468AAE /* InfoPlist.strings in Resources */,
			);
			runOnlyForDeploymentPostprocessing = 0;
		};
		2388DBDC19A1D1E600468AAE /* Resources */ = {
			isa = PBXResourcesBuildPhase;
			buildActionMask = 2147483647;
			files = (
				2388DBEA19A1D1E600468AAE /* InfoPlist.strings in Resources */,
			);
			runOnlyForDeploymentPostprocessing = 0;
		};
/* End PBXResourcesBuildPhase section */

/* Begin PBXSourcesBuildPhase section */
		2388DBB619A1D1E600468AAE /* Sources */ = {
			isa = PBXSourcesBuildPhase;
			buildActionMask = 2147483647;
			files = (
				2388DBD719A1D1E600468AAE /* ViewController.m in Sources */,
				2388DBCE19A1D1E600468AAE /* AppDelegate.m in Sources */,
				2388DBCA19A1D1E600468AAE /* main.m in Sources */,
			);
			runOnlyForDeploymentPostprocessing = 0;
		};
		2388DBDA19A1D1E600468AAE /* Sources */ = {
			isa = PBXSourcesBuildPhase;
			buildActionMask = 2147483647;
			files = (
				2388DBEC19A1D1E600468AAE /* iOSLabProjTests.m in Sources */,
			);
			runOnlyForDeploymentPostprocessing = 0;
		};
/* End PBXSourcesBuildPhase section */

/* Begin PBXTargetDependency section */
		2388DBE419A1D1E600468AAE /* PBXTargetDependency */ = {
			isa = PBXTargetDependency;
			target = 2388DBB919A1D1E600468AAE /* iOSLabProj */;
			targetProxy = 2388DBE319A1D1E600468AAE /* PBXContainerItemProxy */;
		};
/* End PBXTargetDependency section */

/* Begin PBXVariantGroup section */
		2388DBC619A1D1E600468AAE /* InfoPlist.strings */ = {
			isa = PBXVariantGroup;
			children = (
				2388DBC719A1D1E600468AAE /* en */,
			);
			name = InfoPlist.strings;
			sourceTree = "<group>";
		};
		2388DBCF19A1D1E600468AAE /* Main_iPhone.storyboard */ = {
			isa = PBXVariantGroup;
			children = (
				2388DBD019A1D1E600468AAE /* Base */,
			);
			name = Main_iPhone.storyboard;
			sourceTree = "<group>";
		};
		2388DBD219A1D1E600468AAE /* Main_iPad.storyboard */ = {
			isa = PBXVariantGroup;
			children = (
				2388DBD319A1D1E600468AAE /* Base */,
			);
			name = Main_iPad.storyboard;
			sourceTree = "<group>";
		};
		2388DBE819A1D1E600468AAE /* InfoPlist.strings */ = {
			isa = PBXVariantGroup;
			children = (
				2388DBE919A1D1E600468AAE /* en */,
			);
			name = InfoPlist.strings;
			sourceTree = "<group>";
		};
/* End PBXVariantGroup section */

/* Begin XCBuildConfiguration section */
		2388DBED19A1D1E600468AAE /* Debug */ = {
			isa = XCBuildConfiguration;
			buildSettings = {
				ALWAYS_SEARCH_USER_PATHS = NO;
				CLANG_CXX_LANGUAGE_STANDARD = "gnu++0x";
				CLANG_CXX_LIBRARY = "libc++";
				CLANG_ENABLE_MODULES = YES;
				CLANG_ENABLE_OBJC_ARC = YES;
				CLANG_WARN_BOOL_CONVERSION = YES;
				CLANG_WARN_CONSTANT_CONVERSION = YES;
				CLANG_WARN_DIRECT_OBJC_ISA_USAGE = YES_ERROR;
				CLANG_WARN_EMPTY_BODY = YES;
				CLANG_WARN_ENUM_CONVERSION = YES;
				CLANG_WARN_INT_CONVERSION = YES;
				CLANG_WARN_OBJC_ROOT_CLASS = YES_ERROR;
				CLANG_WARN__DUPLICATE_METHOD_MATCH = YES;
				"CODE_SIGN_IDENTITY[sdk=iphoneos*]" = "iPhone Developer";
				COPY_PHASE_STRIP = NO;
				GCC_C_LANGUAGE_STANDARD = gnu99;
				GCC_DYNAMIC_NO_PIC = NO;
				GCC_OPTIMIZATION_LEVEL = 0;
				GCC_PREPROCESSOR_DEFINITIONS = (
					"DEBUG=1",
					"$(inherited)",
				);
				GCC_SYMBOLS_PRIVATE_EXTERN = NO;
				GCC_WARN_64_TO_32_BIT_CONVERSION = YES;
				GCC_WARN_ABOUT_RETURN_TYPE = YES_ERROR;
				GCC_WARN_UNDECLARED_SELECTOR = YES;
				GCC_WARN_UNINITIALIZED_AUTOS = YES_AGGRESSIVE;
				GCC_WARN_UNUSED_FUNCTION = YES;
				GCC_WARN_UNUSED_VARIABLE = YES;
				IPHONEOS_DEPLOYMENT_TARGET = 7.1;
				ONLY_ACTIVE_ARCH = YES;
				SDKROOT = iphoneos;
				TARGETED_DEVICE_FAMILY = "1,2";
			};
			name = Debug;
		};
		2388DBEE19A1D1E600468AAE /* Release */ = {
			isa = XCBuildConfiguration;
			buildSettings = {
				ALWAYS_SEARCH_USER_PATHS = NO;
				CLANG_CXX_LANGUAGE_STANDARD = "gnu++0x";
				CLANG_CXX_LIBRARY = "libc++";
				CLANG_ENABLE_MODULES = YES;
				CLANG_ENABLE_OBJC_ARC = YES;
				CLANG_WARN_BOOL_CONVERSION = YES;
				CLANG_WARN_CONSTANT_CONVERSION = YES;
				CLANG_WARN_DIRECT_OBJC_ISA_USAGE = YES_ERROR;
				CLANG_WARN_EMPTY_BODY = YES;
				CLANG_WARN_ENUM_CONVERSION = YES;
				CLANG_WARN_INT_CONVERSION = YES;
				CLANG_WARN_OBJC_ROOT_CLASS = YES_ERROR;
				CLANG_WARN__DUPLICATE_METHOD_MATCH = YES;
				"CODE_SIGN_IDENTITY[sdk=iphoneos*]" = "iPhone Developer";
				COPY_PHASE_STRIP = YES;
				ENABLE_NS_ASSERTIONS = NO;
				GCC_C_LANGUAGE_STANDARD = gnu99;
				GCC_WARN_64_TO_32_BIT_CONVERSION = YES;
				GCC_WARN_ABOUT_RETURN_TYPE = YES_ERROR;
				GCC_WARN_UNDECLARED_SELECTOR = YES;
				GCC_WARN_UNINITIALIZED_AUTOS = YES_AGGRESSIVE;
				GCC_WARN_UNUSED_FUNCTION = YES;
				GCC_WARN_UNUSED_VARIABLE = YES;
				IPHONEOS_DEPLOYMENT_TARGET = 7.1;
				SDKROOT = iphoneos;
				TARGETED_DEVICE_FAMILY = "1,2";
				VALIDATE_PRODUCT = YES;
			};
			name = Release;
		};
		2388DBF019A1D1E600468AAE /* Debug */ = {
			isa = XCBuildConfiguration;
			buildSettings = {
				ASSETCATALOG_COMPILER_APPICON_NAME = AppIcon;
				ASSETCATALOG_COMPILER_LAUNCHIMAGE_NAME = LaunchImage;
				GCC_PRECOMPILE_PREFIX_HEADER = YES;
				GCC_PREFIX_HEADER = "iOSLabProj/iOSLabProj-Prefix.pch";
				INFOPLIST_FILE = "iOSLabProj/iOSLabProj-Info.plist";
				PRODUCT_NAME = "$(TARGET_NAME)";
				WRAPPER_EXTENSION = app;
			};
			name = Debug;
		};
		2388DBF119A1D1E600468AAE /* Release */ = {
			isa = XCBuildConfiguration;
			buildSettings = {
				ASSETCATALOG_COMPILER_APPICON_NAME = AppIcon;
				ASSETCATALOG_COMPILER_LAUNCHIMAGE_NAME = LaunchImage;
				GCC_PRECOMPILE_PREFIX_HEADER = YES;
				GCC_PREFIX_HEADER = "iOSLabProj/iOSLabProj-Prefix.pch";
				INFOPLIST_FILE = "iOSLabProj/iOSLabProj-Info.plist";
				PRODUCT_NAME = "$(TARGET_NAME)";
				WRAPPER_EXTENSION = app;
			};
			name = Release;
		};
		2388DBF319A1D1E600468AAE /* Debug */ = {
			isa = XCBuildConfiguration;
			buildSettings = {
				BUNDLE_LOADER = "$(BUILT_PRODUCTS_DIR)/iOSLabProj.app/iOSLabProj";
				FRAMEWORK_SEARCH_PATHS = (
					"$(SDKROOT)/Developer/Library/Frameworks",
					"$(inherited)",
					"$(DEVELOPER_FRAMEWORKS_DIR)",
				);
				GCC_PRECOMPILE_PREFIX_HEADER = YES;
				GCC_PREFIX_HEADER = "iOSLabProj/iOSLabProj-Prefix.pch";
				GCC_PREPROCESSOR_DEFINITIONS = (
					"DEBUG=1",
					"$(inherited)",
				);
				INFOPLIST_FILE = "iOSLabProjTests/iOSLabProjTests-Info.plist";
				PRODUCT_NAME = "$(TARGET_NAME)";
				TEST_HOST = "$(BUNDLE_LOADER)";
				WRAPPER_EXTENSION = xctest;
			};
			name = Debug;
		};
		2388DBF419A1D1E600468AAE /* Release */ = {
			isa = XCBuildConfiguration;
			buildSettings = {
				BUNDLE_LOADER = "$(BUILT_PRODUCTS_DIR)/iOSLabProj.app/iOSLabProj";
				FRAMEWORK_SEARCH_PATHS = (
					"$(SDKROOT)/Developer/Library/Frameworks",
					"$(inherited)",
					"$(DEVELOPER_FRAMEWORKS_DIR)",
				);
				GCC_PRECOMPILE_PREFIX_HEADER = YES;
				GCC_PREFIX_HEADER = "iOSLabProj/iOSLabProj-Prefix.pch";
				INFOPLIST_FILE = "iOSLabProjTests/iOSLabProjTests-Info.plist";
				PRODUCT_NAME = "$(TARGET_NAME)";
				TEST_HOST = "$(BUNDLE_LOADER)";
				WRAPPER_EXTENSION = xctest;
			};
			name = Release;
		};
/* End XCBuildConfiguration section */

/* Begin XCConfigurationList section */
		2388DBB519A1D1E600468AAE /* Build configuration list for PBXProject "iOSLabProj" */ = {
			isa = XCConfigurationList;
			buildConfigurations = (
				2388DBED19A1D1E600468AAE /* Debug */,
				2388DBEE19A1D1E600468AAE /* Release */,
			);
			defaultConfigurationIsVisible = 0;
			defaultConfigurationName = Release;
		};
		2388DBEF19A1D1E600468AAE /* Build configuration list for PBXNativeTarget "iOSLabProj" */ = {
			isa = XCConfigurationList;
			buildConfigurations = (
				2388DBF019A1D1E600468AAE /* Debug */,
				2388DBF119A1D1E600468AAE /* Release */,
			);
			defaultConfigurationIsVisible = 0;
		};
		2388DBF219A1D1E600468AAE /* Build configuration list for PBXNativeTarget "iOSLabProjTests" */ = {
			isa = XCConfigurationList;
			buildConfigurations = (
				2388DBF319A1D1E600468AAE /* Debug */,
				2388DBF419A1D1E600468AAE /* Release */,
			);
			defaultConfigurationIsVisible = 0;
		};
/* End XCConfigurationList section */
	};
	rootObject = 2388DBB219A1D1E600468AAE /* Project object */;
}
